
Microsoft Visual Studio Solution File, Format Version 12.00
# Visual Studio Version 17
VisualStudioVersion = 17.7.34031.279
MinimumVisualStudioVersion = 10.0.40219.1
Project("{FAE04EC0-301F-11D3-BF4B-00C04F79EFBC}") = "HackathonLanguageProj", "HackathonLanguageProj\HackathonLanguageProj.csproj", "{1C66FCA0-16F9-43B3-B791-FC9A8FEC1E58}"
EndProject
Global
	GlobalSection(SolutionConfigurationPlatforms) = preSolution
		Debug|Any CPU = Debug|Any CPU
		Release|Any CPU = Release|Any CPU
	EndGlobalSection
	GlobalSection(ProjectConfigurationPlatforms) = postSolution
		{1C66FCA0-16F9-43B3-B791-FC9A8FEC1E58}.Debug|Any CPU.ActiveCfg = Debug|Any CPU
		{1C66FCA0-16F9-43B3-B791-FC9A8FEC1E58}.Debug|Any CPU.Build.0 = Debug|Any CPU
		{1C66FCA0-16F9-43B3-B791-FC9A8FEC1E58}.Release|Any CPU.ActiveCfg = Release|Any CPU
		{1C66FCA0-16F9-43B3-B791-FC9A8FEC1E58}.Release|Any CPU.Build.0 = Release|Any CPU
	EndGlobalSection
	GlobalSection(SolutionProperties) = preSolution
		HideSolutionNode = FALSE
	EndGlobalSection
	GlobalSection(ExtensibilityGlobals) = postSolution
		SolutionGuid = {DDC94F97-CD57-4EE6-A318-169E69F84A30}
	EndGlobalSection
EndGlobal
